{
  "name": "@experimental/experimental-annotation-editor",
  "version": "1.0.0",
  "lockfileVersion": 2,
  "requires": true,
  "packages": {
    "": {
      "name": "@experimental/experimental-annotation-editor",
      "version": "1.0.0",
      "devDependencies": {
        "@experimental/experimental-annotation-API": "^1.0.0",
        "@stomp/stompjs": "^6.1.0",
        "@types/sockjs-client": "^1.5.0",
        "@types/stompjs": "^2.3.4",
        "esbuild": "^0.13.12",
        "typescript": "^4.4.2"
      }
    },
    "../../../inception-api-annotation-experimental/target/ts": {
      "name": "@experimental/experimental-annotation-API",
      "version": "1.0.0",
      "dev": true,
      "devDependencies": {
        "@stomp/stompjs": "^6.1.0",
        "@types/sockjs-client": "^1.5.0",
        "@types/stompjs": "^2.3.4",
        "esbuild": "^0.13.12",
        "typescript": "^4.4.2"
      }
    },
    "../../../inception-api-annotation-experimental/target/ts/node_modules/@stomp/stompjs": {
      "version": "6.1.2",
      "dev": true,
      "license": "Apache-2.0"
    },
    "../../../inception-api-annotation-experimental/target/ts/node_modules/@types/node": {
      "version": "16.11.6",
      "dev": true,
      "license": "MIT"
    },
    "../../../inception-api-annotation-experimental/target/ts/node_modules/@types/sockjs-client": {
      "version": "1.5.1",
      "dev": true,
      "license": "MIT"
    },
    "../../../inception-api-annotation-experimental/target/ts/node_modules/@types/stompjs": {
      "version": "2.3.5",
      "dev": true,
      "license": "MIT",
      "dependencies": {
        "@types/node": "*"
      }
    },
    "../../../inception-api-annotation-experimental/target/ts/node_modules/esbuild": {
      "version": "0.13.12",
      "dev": true,
      "hasInstallScript": true,
      "license": "MIT",
      "bin": {
        "esbuild": "bin/esbuild"
      },
      "optionalDependencies": {
        "esbuild-android-arm64": "0.13.12",
        "esbuild-darwin-64": "0.13.12",
        "esbuild-darwin-arm64": "0.13.12",
        "esbuild-freebsd-64": "0.13.12",
        "esbuild-freebsd-arm64": "0.13.12",
        "esbuild-linux-32": "0.13.12",
        "esbuild-linux-64": "0.13.12",
        "esbuild-linux-arm": "0.13.12",
        "esbuild-linux-arm64": "0.13.12",
        "esbuild-linux-mips64le": "0.13.12",
        "esbuild-linux-ppc64le": "0.13.12",
        "esbuild-netbsd-64": "0.13.12",
        "esbuild-openbsd-64": "0.13.12",
        "esbuild-sunos-64": "0.13.12",
        "esbuild-windows-32": "0.13.12",
        "esbuild-windows-64": "0.13.12",
        "esbuild-windows-arm64": "0.13.12"
      }
    },
    "../../../inception-api-annotation-experimental/target/ts/node_modules/esbuild-darwin-64": {
      "version": "0.13.12",
      "cpu": [
        "x64"
      ],
      "dev": true,
      "license": "MIT",
      "optional": true,
      "os": [
        "darwin"
      ]
    },
    "../../../inception-api-annotation-experimental/target/ts/node_modules/typescript": {
      "version": "4.4.4",
      "dev": true,
      "license": "Apache-2.0",
      "bin": {
        "tsc": "bin/tsc",
        "tsserver": "bin/tsserver"
      },
      "engines": {
        "node": ">=4.2.0"
      }
    },
    "node_modules/@experimental/experimental-annotation-API": {
      "resolved": "../../../inception-api-annotation-experimental/target/ts",
      "link": true
    },
    "node_modules/@stomp/stompjs": {
      "version": "6.1.2",
      "dev": true,
      "license": "Apache-2.0"
    },
    "node_modules/@types/node": {
      "version": "16.11.6",
      "dev": true,
      "license": "MIT"
    },
    "node_modules/@types/sockjs-client": {
      "version": "1.5.1",
      "dev": true,
      "license": "MIT"
    },
    "node_modules/@types/stompjs": {
      "version": "2.3.5",
      "dev": true,
      "license": "MIT",
      "dependencies": {
        "@types/node": "*"
      }
    },
    "node_modules/esbuild": {
      "version": "0.13.12",
      "dev": true,
      "hasInstallScript": true,
      "license": "MIT",
      "bin": {
        "esbuild": "bin/esbuild"
      },
      "optionalDependencies": {
        "esbuild-android-arm64": "0.13.12",
        "esbuild-darwin-64": "0.13.12",
        "esbuild-darwin-arm64": "0.13.12",
        "esbuild-freebsd-64": "0.13.12",
        "esbuild-freebsd-arm64": "0.13.12",
        "esbuild-linux-32": "0.13.12",
        "esbuild-linux-64": "0.13.12",
        "esbuild-linux-arm": "0.13.12",
        "esbuild-linux-arm64": "0.13.12",
        "esbuild-linux-mips64le": "0.13.12",
        "esbuild-linux-ppc64le": "0.13.12",
        "esbuild-netbsd-64": "0.13.12",
        "esbuild-openbsd-64": "0.13.12",
        "esbuild-sunos-64": "0.13.12",
        "esbuild-windows-32": "0.13.12",
        "esbuild-windows-64": "0.13.12",
        "esbuild-windows-arm64": "0.13.12"
      }
    },
    "node_modules/esbuild-darwin-64": {
      "version": "0.13.12",
      "cpu": [
        "x64"
      ],
      "dev": true,
      "license": "MIT",
      "optional": true,
      "os": [
        "darwin"
      ]
    },
    "node_modules/typescript": {
      "version": "4.4.4",
      "dev": true,
      "license": "Apache-2.0",
      "bin": {
        "tsc": "bin/tsc",
        "tsserver": "bin/tsserver"
      },
      "engines": {
        "node": ">=4.2.0"
      }
    }
  },
  "dependencies": {
    "@experimental/experimental-annotation-API": {
      "version": "file:../../../inception-api-annotation-experimental/target/ts",
      "requires": {
        "@stomp/stompjs": "^6.1.0",
        "@types/sockjs-client": "^1.5.0",
        "@types/stompjs": "^2.3.4",
        "esbuild": "^0.13.12",
        "typescript": "^4.4.2"
      },
      "dependencies": {
        "@stomp/stompjs": {
          "version": "6.1.2",
          "dev": true
        },
        "@types/node": {
          "version": "16.11.6",
          "dev": true
        },
        "@types/sockjs-client": {
          "version": "1.5.1",
          "dev": true
        },
        "@types/stompjs": {
          "version": "2.3.5",
          "dev": true,
          "requires": {
            "@types/node": "*"
          }
        },
        "esbuild": {
          "version": "0.13.12",
          "dev": true,
          "requires": {
            "esbuild-android-arm64": "0.13.12",
            "esbuild-darwin-64": "0.13.12",
            "esbuild-darwin-arm64": "0.13.12",
            "esbuild-freebsd-64": "0.13.12",
            "esbuild-freebsd-arm64": "0.13.12",
            "esbuild-linux-32": "0.13.12",
            "esbuild-linux-64": "0.13.12",
            "esbuild-linux-arm": "0.13.12",
            "esbuild-linux-arm64": "0.13.12",
            "esbuild-linux-mips64le": "0.13.12",
            "esbuild-linux-ppc64le": "0.13.12",
            "esbuild-netbsd-64": "0.13.12",
            "esbuild-openbsd-64": "0.13.12",
            "esbuild-sunos-64": "0.13.12",
            "esbuild-windows-32": "0.13.12",
            "esbuild-windows-64": "0.13.12",
            "esbuild-windows-arm64": "0.13.12"
          }
        },
        "esbuild-darwin-64": {
          "version": "0.13.12",
          "dev": true,
          "optional": true
        },
        "typescript": {
          "version": "4.4.4",
          "dev": true
        }
      }
    },
    "@stomp/stompjs": {
      "version": "6.1.2",
      "dev": true
    },
    "@types/node": {
      "version": "16.11.6",
      "dev": true
    },
    "@types/sockjs-client": {
      "version": "1.5.1",
      "dev": true
    },
    "@types/stompjs": {
      "version": "2.3.5",
      "dev": true,
      "requires": {
        "@types/node": "*"
      }
    },
    "esbuild": {
      "version": "0.13.12",
      "dev": true,
      "requires": {
        "esbuild-android-arm64": "0.13.12",
        "esbuild-darwin-64": "0.13.12",
        "esbuild-darwin-arm64": "0.13.12",
        "esbuild-freebsd-64": "0.13.12",
        "esbuild-freebsd-arm64": "0.13.12",
        "esbuild-linux-32": "0.13.12",
        "esbuild-linux-64": "0.13.12",
        "esbuild-linux-arm": "0.13.12",
        "esbuild-linux-arm64": "0.13.12",
        "esbuild-linux-mips64le": "0.13.12",
        "esbuild-linux-ppc64le": "0.13.12",
        "esbuild-netbsd-64": "0.13.12",
        "esbuild-openbsd-64": "0.13.12",
        "esbuild-sunos-64": "0.13.12",
        "esbuild-windows-32": "0.13.12",
        "esbuild-windows-64": "0.13.12",
        "esbuild-windows-arm64": "0.13.12"
      }
    },
    "esbuild-darwin-64": {
      "version": "0.13.12",
      "dev": true,
      "optional": true
    },
    "typescript": {
      "version": "4.4.4",
      "dev": true
    }
  }
}
