{
  "name": "@experimental/ts-Annotation-API",
  "version": "1.0.0",
  "lockfileVersion": 2,
  "requires": true,
  "packages": {
    "": {
      "name": "@experimental/ts-Annotation-API",
      "version": "1.0.0",
      "devDependencies": {
        "@stomp/stompjs": "^6.1.0",
        "@types/sockjs-client": "^1.5.0",
        "@types/stompjs": "^2.3.4",
        "esbuild": "^0.11.16"
      }
    },
    "node_modules/@stomp/stompjs": {
      "version": "6.1.0",
      "resolved": "https://registry.npmjs.org/@stomp/stompjs/-/stompjs-6.1.0.tgz",
      "integrity": "sha512-Bt+whL0V51rSKP35OkgM1yeVu/usunpz5l1VYuoWw8mGsDMNd3W3FpWa4/4eis6QfXO3uteNGfyE21XWn0pGAQ==",
      "dev": true
    },
    "node_modules/@types/node": {
      "version": "15.0.1",
      "resolved": "https://registry.npmjs.org/@types/node/-/node-15.0.1.tgz",
      "integrity": "sha512-TMkXt0Ck1y0KKsGr9gJtWGjttxlZnnvDtphxUOSd0bfaR6Q1jle+sPvrzNR1urqYTWMinoKvjKfXUGsumaO1PA==",
      "dev": true
    },
    "node_modules/@types/sockjs-client": {
      "version": "1.5.0",
      "resolved": "https://registry.npmjs.org/@types/sockjs-client/-/sockjs-client-1.5.0.tgz",
      "integrity": "sha512-r8ENXtljrt8U6knz4fWsiuUVrDk9nkBeJOePWCzUJDRS20MN/OWoZj+gbsPhWSXSXF1aUaS4iAE4xa5jCFW9Dw==",
      "dev": true
    },
    "node_modules/@types/stompjs": {
      "version": "2.3.4",
      "resolved": "https://registry.npmjs.org/@types/stompjs/-/stompjs-2.3.4.tgz",
      "integrity": "sha512-CoVRBSFz1pcj6AvbHHyGqPcvbE1q4LEXCY+lN3qz7YYpEl6If4XwBLWPgbB2P5qnX7o/10KorY4Rg0oFrM30Yg==",
      "dev": true,
      "dependencies": {
        "@types/node": "*"
      }
    },
    "node_modules/esbuild": {
      "version": "0.11.17",
      "resolved": "https://registry.npmjs.org/esbuild/-/esbuild-0.11.17.tgz",
      "integrity": "sha512-Yj+rQATpLLU36ymg0/laLXn9FUoiGUl7mDPUJ0toQ5nXKFrj/rmIEkQ34T1GeiV2cP2SrT0G0s7xiNuDcsIyBg==",
      "dev": true,
      "hasInstallScript": true,
      "bin": {
        "esbuild": "bin/esbuild"
      }
    }
  },
  "dependencies": {
    "@stomp/stompjs": {
      "version": "6.1.0",
      "resolved": "https://registry.npmjs.org/@stomp/stompjs/-/stompjs-6.1.0.tgz",
      "integrity": "sha512-Bt+whL0V51rSKP35OkgM1yeVu/usunpz5l1VYuoWw8mGsDMNd3W3FpWa4/4eis6QfXO3uteNGfyE21XWn0pGAQ==",
      "dev": true
    },
    "@types/node": {
      "version": "15.0.1",
      "resolved": "https://registry.npmjs.org/@types/node/-/node-15.0.1.tgz",
      "integrity": "sha512-TMkXt0Ck1y0KKsGr9gJtWGjttxlZnnvDtphxUOSd0bfaR6Q1jle+sPvrzNR1urqYTWMinoKvjKfXUGsumaO1PA==",
      "dev": true
    },
    "@types/sockjs-client": {
      "version": "1.5.0",
      "resolved": "https://registry.npmjs.org/@types/sockjs-client/-/sockjs-client-1.5.0.tgz",
      "integrity": "sha512-r8ENXtljrt8U6knz4fWsiuUVrDk9nkBeJOePWCzUJDRS20MN/OWoZj+gbsPhWSXSXF1aUaS4iAE4xa5jCFW9Dw==",
      "dev": true
    },
    "@types/stompjs": {
      "version": "2.3.4",
      "resolved": "https://registry.npmjs.org/@types/stompjs/-/stompjs-2.3.4.tgz",
      "integrity": "sha512-CoVRBSFz1pcj6AvbHHyGqPcvbE1q4LEXCY+lN3qz7YYpEl6If4XwBLWPgbB2P5qnX7o/10KorY4Rg0oFrM30Yg==",
      "dev": true,
      "requires": {
        "@types/node": "*"
      }
    },
    "esbuild": {
      "version": "0.11.17",
      "resolved": "https://registry.npmjs.org/esbuild/-/esbuild-0.11.17.tgz",
      "integrity": "sha512-Yj+rQATpLLU36ymg0/laLXn9FUoiGUl7mDPUJ0toQ5nXKFrj/rmIEkQ34T1GeiV2cP2SrT0G0s7xiNuDcsIyBg==",
      "dev": true
    }
  }
}
