{
  "name": "@inception-project/${project.artifactId}",
  "version": "${semver}",
  "lockfileVersion": 2,
  "requires": true,
  "packages": {
    "": {
      "name": "@inception-project/${project.artifactId}",
      "version": "${semver}",
      "dependencies": {
        "@inception-project/inception-diam": "${semver}",
        "@recogito/recogito-js": "^1.6.0"
      },
      "devDependencies": {
        "esbuild": "^0.13.12",
        "typescript": "^4.4.2"
      }
    },
    "../../../../inception-diam/src/main/ts": {
      "name": "@inception-project/inception-diam",
      "version": "${semver}",
      "devDependencies": {
        "@stomp/stompjs": "^6.1.0",
        "@types/stompjs": "^2.3.4",
        "esbuild": "^0.13.12",
        "fast-json-patch": "^3.1.0",
        "typescript": "^4.4.2"
      }
    },
    "../../../../inception-diam/src/main/ts/node_modules/@stomp/stompjs": {
      "version": "6.1.2",
      "dev": true,
      "license": "Apache-2.0"
    },
    "../../../../inception-diam/src/main/ts/node_modules/@types/node": {
      "version": "16.11.7",
      "dev": true,
      "license": "MIT"
    },
    "../../../../inception-diam/src/main/ts/node_modules/@types/stompjs": {
      "version": "2.3.5",
      "dev": true,
      "license": "MIT",
      "dependencies": {
        "@types/node": "*"
      }
    },
    "../../../../inception-diam/src/main/ts/node_modules/esbuild": {
      "version": "0.13.13",
      "dev": true,
      "hasInstallScript": true,
      "license": "MIT",
      "bin": {
        "esbuild": "bin/esbuild"
      },
      "optionalDependencies": {
        "esbuild-android-arm64": "0.13.13",
        "esbuild-darwin-64": "0.13.13",
        "esbuild-darwin-arm64": "0.13.13",
        "esbuild-freebsd-64": "0.13.13",
        "esbuild-freebsd-arm64": "0.13.13",
        "esbuild-linux-32": "0.13.13",
        "esbuild-linux-64": "0.13.13",
        "esbuild-linux-arm": "0.13.13",
        "esbuild-linux-arm64": "0.13.13",
        "esbuild-linux-mips64le": "0.13.13",
        "esbuild-linux-ppc64le": "0.13.13",
        "esbuild-netbsd-64": "0.13.13",
        "esbuild-openbsd-64": "0.13.13",
        "esbuild-sunos-64": "0.13.13",
        "esbuild-windows-32": "0.13.13",
        "esbuild-windows-64": "0.13.13",
        "esbuild-windows-arm64": "0.13.13"
      }
    },
    "../../../../inception-diam/src/main/ts/node_modules/esbuild-darwin-64": {
      "version": "0.13.13",
      "cpu": [
        "x64"
      ],
      "dev": true,
      "license": "MIT",
      "optional": true,
      "os": [
        "darwin"
      ]
    },
    "../../../../inception-diam/src/main/ts/node_modules/fast-json-patch": {
      "version": "3.1.0",
      "dev": true,
      "license": "MIT"
    },
    "../../../../inception-diam/src/main/ts/node_modules/typescript": {
      "version": "4.4.4",
      "dev": true,
      "license": "Apache-2.0",
      "bin": {
        "tsc": "bin/tsc",
        "tsserver": "bin/tsserver"
      },
      "engines": {
        "node": ">=4.2.0"
      }
    },
    "../../../../inception-js-api/src/main/ts": {
      "name": "@inception-project/inception-js-api",
      "version": "${semver}",
      "extraneous": true,
      "license": "Apache-2.0",
      "devDependencies": {
        "esbuild": "^0.13.12",
        "typescript": "^4.4.2"
      }
    },
    "node_modules/@babel/runtime": {
      "version": "7.16.7",
      "license": "MIT",
      "dependencies": {
        "regenerator-runtime": "^0.13.4"
      },
      "engines": {
        "node": ">=6.9.0"
      }
    },
    "node_modules/@emotion/cache": {
      "version": "11.7.1",
      "license": "MIT",
      "dependencies": {
        "@emotion/memoize": "^0.7.4",
        "@emotion/sheet": "^1.1.0",
        "@emotion/utils": "^1.0.0",
        "@emotion/weak-memoize": "^0.2.5",
        "stylis": "4.0.13"
      }
    },
    "node_modules/@emotion/hash": {
      "version": "0.8.0",
      "license": "MIT"
    },
    "node_modules/@emotion/memoize": {
      "version": "0.7.5",
      "license": "MIT"
    },
    "node_modules/@emotion/react": {
      "version": "11.7.1",
      "license": "MIT",
      "dependencies": {
        "@babel/runtime": "^7.13.10",
        "@emotion/cache": "^11.7.1",
        "@emotion/serialize": "^1.0.2",
        "@emotion/sheet": "^1.1.0",
        "@emotion/utils": "^1.0.0",
        "@emotion/weak-memoize": "^0.2.5",
        "hoist-non-react-statics": "^3.3.1"
      },
      "peerDependencies": {
        "@babel/core": "^7.0.0",
        "react": ">=16.8.0"
      },
      "peerDependenciesMeta": {
        "@babel/core": {
          "optional": true
        },
        "@types/react": {
          "optional": true
        }
      }
    },
    "node_modules/@emotion/serialize": {
      "version": "1.0.2",
      "license": "MIT",
      "dependencies": {
        "@emotion/hash": "^0.8.0",
        "@emotion/memoize": "^0.7.4",
        "@emotion/unitless": "^0.7.5",
        "@emotion/utils": "^1.0.0",
        "csstype": "^3.0.2"
      }
    },
    "node_modules/@emotion/sheet": {
      "version": "1.1.0",
      "license": "MIT"
    },
    "node_modules/@emotion/unitless": {
      "version": "0.7.5",
      "license": "MIT"
    },
    "node_modules/@emotion/utils": {
      "version": "1.0.0",
      "license": "MIT"
    },
    "node_modules/@emotion/weak-memoize": {
      "version": "0.2.5",
      "license": "MIT"
    },
    "node_modules/@inception-project/inception-diam": {
      "resolved": "../../../../inception-diam/src/main/ts",
      "link": true
    },
    "node_modules/@recogito/recogito-client-core": {
      "version": "1.6.0",
      "license": "BSD-3-Clause",
      "dependencies": {
        "core-js": "^3.18.3",
        "fast-deep-equal": "^3.1.3",
        "node-polyglot": "^2.4.0",
        "react-autosize-textarea": "^7.1.0",
        "react-draggable": "^4.4.3",
        "react-select": "^4.3.1",
        "react-transition-group": "^4.4.2",
        "regenerator-runtime": "^0.13.9",
        "timeago-react": "^3.0.2",
        "uuid": "^8.3.2"
      },
      "funding": {
        "url": "https://github.com/sponsors/rsimon"
      }
    },
    "node_modules/@recogito/recogito-js": {
      "version": "1.6.1",
      "license": "BSD-3-Clause",
      "dependencies": {
        "@recogito/recogito-client-core": "1.6.0",
        "preact": "^10.5.13",
        "tiny-emitter": "^2.1.0"
      }
    },
    "node_modules/array.prototype.foreach": {
      "version": "1.0.2",
      "license": "MIT",
      "dependencies": {
        "call-bind": "^1.0.2",
        "define-properties": "^1.1.3",
        "es-abstract": "^1.19.0",
        "es-array-method-boxes-properly": "^1.0.0",
        "get-intrinsic": "^1.1.1",
        "is-string": "^1.0.7"
      },
      "engines": {
        "node": ">= 0.4"
      },
      "funding": {
        "url": "https://github.com/sponsors/ljharb"
      }
    },
    "node_modules/autosize": {
      "version": "4.0.4",
      "license": "MIT"
    },
    "node_modules/call-bind": {
      "version": "1.0.2",
      "license": "MIT",
      "dependencies": {
        "function-bind": "^1.1.1",
        "get-intrinsic": "^1.0.2"
      },
      "funding": {
        "url": "https://github.com/sponsors/ljharb"
      }
    },
    "node_modules/clsx": {
      "version": "1.1.1",
      "license": "MIT",
      "engines": {
        "node": ">=6"
      }
    },
    "node_modules/computed-style": {
      "version": "0.1.4"
    },
    "node_modules/core-js": {
      "version": "3.20.2",
      "hasInstallScript": true,
      "license": "MIT",
      "funding": {
        "type": "opencollective",
        "url": "https://opencollective.com/core-js"
      }
    },
    "node_modules/csstype": {
      "version": "3.0.10",
      "license": "MIT"
    },
    "node_modules/define-properties": {
      "version": "1.1.3",
      "license": "MIT",
      "dependencies": {
        "object-keys": "^1.0.12"
      },
      "engines": {
        "node": ">= 0.4"
      }
    },
    "node_modules/dom-helpers": {
      "version": "5.2.1",
      "license": "MIT",
      "dependencies": {
        "@babel/runtime": "^7.8.7",
        "csstype": "^3.0.2"
      }
    },
    "node_modules/es-abstract": {
      "version": "1.19.1",
      "license": "MIT",
      "dependencies": {
        "call-bind": "^1.0.2",
        "es-to-primitive": "^1.2.1",
        "function-bind": "^1.1.1",
        "get-intrinsic": "^1.1.1",
        "get-symbol-description": "^1.0.0",
        "has": "^1.0.3",
        "has-symbols": "^1.0.2",
        "internal-slot": "^1.0.3",
        "is-callable": "^1.2.4",
        "is-negative-zero": "^2.0.1",
        "is-regex": "^1.1.4",
        "is-shared-array-buffer": "^1.0.1",
        "is-string": "^1.0.7",
        "is-weakref": "^1.0.1",
        "object-inspect": "^1.11.0",
        "object-keys": "^1.1.1",
        "object.assign": "^4.1.2",
        "string.prototype.trimend": "^1.0.4",
        "string.prototype.trimstart": "^1.0.4",
        "unbox-primitive": "^1.0.1"
      },
      "engines": {
        "node": ">= 0.4"
      },
      "funding": {
        "url": "https://github.com/sponsors/ljharb"
      }
    },
    "node_modules/es-array-method-boxes-properly": {
      "version": "1.0.0",
      "license": "MIT"
    },
    "node_modules/es-to-primitive": {
      "version": "1.2.1",
      "license": "MIT",
      "dependencies": {
        "is-callable": "^1.1.4",
        "is-date-object": "^1.0.1",
        "is-symbol": "^1.0.2"
      },
      "engines": {
        "node": ">= 0.4"
      },
      "funding": {
        "url": "https://github.com/sponsors/ljharb"
      }
    },
    "node_modules/esbuild": {
      "version": "0.13.15",
      "dev": true,
      "hasInstallScript": true,
      "license": "MIT",
      "bin": {
        "esbuild": "bin/esbuild"
      },
      "optionalDependencies": {
        "esbuild-android-arm64": "0.13.15",
        "esbuild-darwin-64": "0.13.15",
        "esbuild-darwin-arm64": "0.13.15",
        "esbuild-freebsd-64": "0.13.15",
        "esbuild-freebsd-arm64": "0.13.15",
        "esbuild-linux-32": "0.13.15",
        "esbuild-linux-64": "0.13.15",
        "esbuild-linux-arm": "0.13.15",
        "esbuild-linux-arm64": "0.13.15",
        "esbuild-linux-mips64le": "0.13.15",
        "esbuild-linux-ppc64le": "0.13.15",
        "esbuild-netbsd-64": "0.13.15",
        "esbuild-openbsd-64": "0.13.15",
        "esbuild-sunos-64": "0.13.15",
        "esbuild-windows-32": "0.13.15",
        "esbuild-windows-64": "0.13.15",
        "esbuild-windows-arm64": "0.13.15"
      }
    },
    "node_modules/esbuild-darwin-64": {
      "version": "0.13.15",
      "cpu": [
        "x64"
      ],
      "dev": true,
      "license": "MIT",
      "optional": true,
      "os": [
        "darwin"
      ]
    },
    "node_modules/fast-deep-equal": {
      "version": "3.1.3",
      "license": "MIT"
    },
    "node_modules/function-bind": {
      "version": "1.1.1",
      "license": "MIT"
    },
    "node_modules/get-intrinsic": {
      "version": "1.1.1",
      "license": "MIT",
      "dependencies": {
        "function-bind": "^1.1.1",
        "has": "^1.0.3",
        "has-symbols": "^1.0.1"
      },
      "funding": {
        "url": "https://github.com/sponsors/ljharb"
      }
    },
    "node_modules/get-symbol-description": {
      "version": "1.0.0",
      "license": "MIT",
      "dependencies": {
        "call-bind": "^1.0.2",
        "get-intrinsic": "^1.1.1"
      },
      "engines": {
        "node": ">= 0.4"
      },
      "funding": {
        "url": "https://github.com/sponsors/ljharb"
      }
    },
    "node_modules/has": {
      "version": "1.0.3",
      "license": "MIT",
      "dependencies": {
        "function-bind": "^1.1.1"
      },
      "engines": {
        "node": ">= 0.4.0"
      }
    },
    "node_modules/has-bigints": {
      "version": "1.0.1",
      "license": "MIT",
      "funding": {
        "url": "https://github.com/sponsors/ljharb"
      }
    },
    "node_modules/has-symbols": {
      "version": "1.0.2",
      "license": "MIT",
      "engines": {
        "node": ">= 0.4"
      },
      "funding": {
        "url": "https://github.com/sponsors/ljharb"
      }
    },
    "node_modules/has-tostringtag": {
      "version": "1.0.0",
      "license": "MIT",
      "dependencies": {
        "has-symbols": "^1.0.2"
      },
      "engines": {
        "node": ">= 0.4"
      },
      "funding": {
        "url": "https://github.com/sponsors/ljharb"
      }
    },
    "node_modules/hoist-non-react-statics": {
      "version": "3.3.2",
      "license": "BSD-3-Clause",
      "dependencies": {
        "react-is": "^16.7.0"
      }
    },
    "node_modules/internal-slot": {
      "version": "1.0.3",
      "license": "MIT",
      "dependencies": {
        "get-intrinsic": "^1.1.0",
        "has": "^1.0.3",
        "side-channel": "^1.0.4"
      },
      "engines": {
        "node": ">= 0.4"
      }
    },
    "node_modules/is-bigint": {
      "version": "1.0.4",
      "license": "MIT",
      "dependencies": {
        "has-bigints": "^1.0.1"
      },
      "funding": {
        "url": "https://github.com/sponsors/ljharb"
      }
    },
    "node_modules/is-boolean-object": {
      "version": "1.1.2",
      "license": "MIT",
      "dependencies": {
        "call-bind": "^1.0.2",
        "has-tostringtag": "^1.0.0"
      },
      "engines": {
        "node": ">= 0.4"
      },
      "funding": {
        "url": "https://github.com/sponsors/ljharb"
      }
    },
    "node_modules/is-callable": {
      "version": "1.2.4",
      "license": "MIT",
      "engines": {
        "node": ">= 0.4"
      },
      "funding": {
        "url": "https://github.com/sponsors/ljharb"
      }
    },
    "node_modules/is-date-object": {
      "version": "1.0.5",
      "license": "MIT",
      "dependencies": {
        "has-tostringtag": "^1.0.0"
      },
      "engines": {
        "node": ">= 0.4"
      },
      "funding": {
        "url": "https://github.com/sponsors/ljharb"
      }
    },
    "node_modules/is-negative-zero": {
      "version": "2.0.2",
      "license": "MIT",
      "engines": {
        "node": ">= 0.4"
      },
      "funding": {
        "url": "https://github.com/sponsors/ljharb"
      }
    },
    "node_modules/is-number-object": {
      "version": "1.0.6",
      "license": "MIT",
      "dependencies": {
        "has-tostringtag": "^1.0.0"
      },
      "engines": {
        "node": ">= 0.4"
      },
      "funding": {
        "url": "https://github.com/sponsors/ljharb"
      }
    },
    "node_modules/is-regex": {
      "version": "1.1.4",
      "license": "MIT",
      "dependencies": {
        "call-bind": "^1.0.2",
        "has-tostringtag": "^1.0.0"
      },
      "engines": {
        "node": ">= 0.4"
      },
      "funding": {
        "url": "https://github.com/sponsors/ljharb"
      }
    },
    "node_modules/is-shared-array-buffer": {
      "version": "1.0.1",
      "license": "MIT",
      "funding": {
        "url": "https://github.com/sponsors/ljharb"
      }
    },
    "node_modules/is-string": {
      "version": "1.0.7",
      "license": "MIT",
      "dependencies": {
        "has-tostringtag": "^1.0.0"
      },
      "engines": {
        "node": ">= 0.4"
      },
      "funding": {
        "url": "https://github.com/sponsors/ljharb"
      }
    },
    "node_modules/is-symbol": {
      "version": "1.0.4",
      "license": "MIT",
      "dependencies": {
        "has-symbols": "^1.0.2"
      },
      "engines": {
        "node": ">= 0.4"
      },
      "funding": {
        "url": "https://github.com/sponsors/ljharb"
      }
    },
    "node_modules/is-weakref": {
      "version": "1.0.2",
      "license": "MIT",
      "dependencies": {
        "call-bind": "^1.0.2"
      },
      "funding": {
        "url": "https://github.com/sponsors/ljharb"
      }
    },
    "node_modules/js-tokens": {
      "version": "4.0.0",
      "license": "MIT"
    },
    "node_modules/line-height": {
      "version": "0.3.1",
      "license": "MIT",
      "dependencies": {
        "computed-style": "~0.1.3"
      },
      "engines": {
        "node": ">= 4.0.0"
      }
    },
    "node_modules/loose-envify": {
      "version": "1.4.0",
      "license": "MIT",
      "dependencies": {
        "js-tokens": "^3.0.0 || ^4.0.0"
      },
      "bin": {
        "loose-envify": "cli.js"
      }
    },
    "node_modules/memoize-one": {
      "version": "5.2.1",
      "license": "MIT"
    },
    "node_modules/node-polyglot": {
      "version": "2.4.2",
      "license": "BSD-2-Clause",
      "dependencies": {
        "array.prototype.foreach": "^1.0.0",
        "has": "^1.0.3",
        "object.entries": "^1.1.4",
        "string.prototype.trim": "^1.2.4",
        "warning": "^4.0.3"
      }
    },
    "node_modules/object-assign": {
      "version": "4.1.1",
      "license": "MIT",
      "engines": {
        "node": ">=0.10.0"
      }
    },
    "node_modules/object-inspect": {
      "version": "1.12.0",
      "license": "MIT",
      "funding": {
        "url": "https://github.com/sponsors/ljharb"
      }
    },
    "node_modules/object-keys": {
      "version": "1.1.1",
      "license": "MIT",
      "engines": {
        "node": ">= 0.4"
      }
    },
    "node_modules/object.assign": {
      "version": "4.1.2",
      "license": "MIT",
      "dependencies": {
        "call-bind": "^1.0.0",
        "define-properties": "^1.1.3",
        "has-symbols": "^1.0.1",
        "object-keys": "^1.1.1"
      },
      "engines": {
        "node": ">= 0.4"
      },
      "funding": {
        "url": "https://github.com/sponsors/ljharb"
      }
    },
    "node_modules/object.entries": {
      "version": "1.1.5",
      "license": "MIT",
      "dependencies": {
        "call-bind": "^1.0.2",
        "define-properties": "^1.1.3",
        "es-abstract": "^1.19.1"
      },
      "engines": {
        "node": ">= 0.4"
      }
    },
    "node_modules/preact": {
      "version": "10.6.4",
      "license": "MIT",
      "funding": {
        "type": "opencollective",
        "url": "https://opencollective.com/preact"
      }
    },
    "node_modules/prop-types": {
      "version": "15.8.0",
      "license": "MIT",
      "dependencies": {
        "loose-envify": "^1.4.0",
        "object-assign": "^4.1.1",
        "react-is": "^16.13.1"
      }
    },
    "node_modules/react": {
      "version": "16.14.0",
      "license": "MIT",
      "peer": true,
      "dependencies": {
        "loose-envify": "^1.1.0",
        "object-assign": "^4.1.1",
        "prop-types": "^15.6.2"
      },
      "engines": {
        "node": ">=0.10.0"
      }
    },
    "node_modules/react-autosize-textarea": {
      "version": "7.1.0",
      "license": "MIT",
      "dependencies": {
        "autosize": "^4.0.2",
        "line-height": "^0.3.1",
        "prop-types": "^15.5.6"
      },
      "peerDependencies": {
        "react": "^0.14.0 || ^15.0.0 || ^16.0.0",
        "react-dom": "^0.14.0 || ^15.0.0 || ^16.0.0"
      }
    },
    "node_modules/react-dom": {
      "version": "16.14.0",
      "license": "MIT",
      "peer": true,
      "dependencies": {
        "loose-envify": "^1.1.0",
        "object-assign": "^4.1.1",
        "prop-types": "^15.6.2",
        "scheduler": "^0.19.1"
      },
      "peerDependencies": {
        "react": "^16.14.0"
      }
    },
    "node_modules/react-draggable": {
      "version": "4.4.4",
      "license": "MIT",
      "dependencies": {
        "clsx": "^1.1.1",
        "prop-types": "^15.6.0"
      },
      "peerDependencies": {
        "react": ">= 16.3.0",
        "react-dom": ">= 16.3.0"
      }
    },
    "node_modules/react-input-autosize": {
      "version": "3.0.0",
      "license": "MIT",
      "dependencies": {
        "prop-types": "^15.5.8"
      },
      "peerDependencies": {
        "react": "^16.3.0 || ^17.0.0"
      }
    },
    "node_modules/react-is": {
      "version": "16.13.1",
      "license": "MIT"
    },
    "node_modules/react-select": {
      "version": "4.3.1",
      "license": "MIT",
      "dependencies": {
        "@babel/runtime": "^7.12.0",
        "@emotion/cache": "^11.4.0",
        "@emotion/react": "^11.1.1",
        "memoize-one": "^5.0.0",
        "prop-types": "^15.6.0",
        "react-input-autosize": "^3.0.0",
        "react-transition-group": "^4.3.0"
      },
      "peerDependencies": {
        "react": "^16.8.0 || ^17.0.0",
        "react-dom": "^16.8.0 || ^17.0.0"
      }
    },
    "node_modules/react-transition-group": {
      "version": "4.4.2",
      "license": "BSD-3-Clause",
      "dependencies": {
        "@babel/runtime": "^7.5.5",
        "dom-helpers": "^5.0.1",
        "loose-envify": "^1.4.0",
        "prop-types": "^15.6.2"
      },
      "peerDependencies": {
        "react": ">=16.6.0",
        "react-dom": ">=16.6.0"
      }
    },
    "node_modules/regenerator-runtime": {
      "version": "0.13.9",
      "license": "MIT"
    },
    "node_modules/scheduler": {
      "version": "0.19.1",
      "license": "MIT",
      "peer": true,
      "dependencies": {
        "loose-envify": "^1.1.0",
        "object-assign": "^4.1.1"
      }
    },
    "node_modules/side-channel": {
      "version": "1.0.4",
      "license": "MIT",
      "dependencies": {
        "call-bind": "^1.0.0",
        "get-intrinsic": "^1.0.2",
        "object-inspect": "^1.9.0"
      },
      "funding": {
        "url": "https://github.com/sponsors/ljharb"
      }
    },
    "node_modules/string.prototype.trim": {
      "version": "1.2.5",
      "license": "MIT",
      "dependencies": {
        "call-bind": "^1.0.2",
        "define-properties": "^1.1.3",
        "es-abstract": "^1.19.1"
      },
      "engines": {
        "node": ">= 0.4"
      },
      "funding": {
        "url": "https://github.com/sponsors/ljharb"
      }
    },
    "node_modules/string.prototype.trimend": {
      "version": "1.0.4",
      "license": "MIT",
      "dependencies": {
        "call-bind": "^1.0.2",
        "define-properties": "^1.1.3"
      },
      "funding": {
        "url": "https://github.com/sponsors/ljharb"
      }
    },
    "node_modules/string.prototype.trimstart": {
      "version": "1.0.4",
      "license": "MIT",
      "dependencies": {
        "call-bind": "^1.0.2",
        "define-properties": "^1.1.3"
      },
      "funding": {
        "url": "https://github.com/sponsors/ljharb"
      }
    },
    "node_modules/stylis": {
      "version": "4.0.13",
      "license": "MIT"
    },
    "node_modules/timeago-react": {
      "version": "3.0.4",
      "license": "MIT",
      "dependencies": {
        "timeago.js": "^4.0.0"
      },
      "peerDependencies": {
        "react": "^0.14.0 || ^15.0.0 || ^16.0.0 || ^17.0.0"
      }
    },
    "node_modules/timeago.js": {
      "version": "4.0.2",
      "license": "MIT"
    },
    "node_modules/tiny-emitter": {
      "version": "2.1.0",
      "license": "MIT"
    },
    "node_modules/typescript": {
      "version": "4.5.4",
      "dev": true,
      "license": "Apache-2.0",
      "bin": {
        "tsc": "bin/tsc",
        "tsserver": "bin/tsserver"
      },
      "engines": {
        "node": ">=4.2.0"
      }
    },
    "node_modules/unbox-primitive": {
      "version": "1.0.1",
      "license": "MIT",
      "dependencies": {
        "function-bind": "^1.1.1",
        "has-bigints": "^1.0.1",
        "has-symbols": "^1.0.2",
        "which-boxed-primitive": "^1.0.2"
      },
      "funding": {
        "url": "https://github.com/sponsors/ljharb"
      }
    },
    "node_modules/uuid": {
      "version": "8.3.2",
      "license": "MIT",
      "bin": {
        "uuid": "dist/bin/uuid"
      }
    },
    "node_modules/warning": {
      "version": "4.0.3",
      "license": "MIT",
      "dependencies": {
        "loose-envify": "^1.0.0"
      }
    },
    "node_modules/which-boxed-primitive": {
      "version": "1.0.2",
      "license": "MIT",
      "dependencies": {
        "is-bigint": "^1.0.1",
        "is-boolean-object": "^1.1.0",
        "is-number-object": "^1.0.4",
        "is-string": "^1.0.5",
        "is-symbol": "^1.0.3"
      },
      "funding": {
        "url": "https://github.com/sponsors/ljharb"
      }
    }
  },
  "dependencies": {
    "@babel/runtime": {
      "version": "7.16.7",
      "requires": {
        "regenerator-runtime": "^0.13.4"
      }
    },
    "@emotion/cache": {
      "version": "11.7.1",
      "requires": {
        "@emotion/memoize": "^0.7.4",
        "@emotion/sheet": "^1.1.0",
        "@emotion/utils": "^1.0.0",
        "@emotion/weak-memoize": "^0.2.5",
        "stylis": "4.0.13"
      }
    },
    "@emotion/hash": {
      "version": "0.8.0"
    },
    "@emotion/memoize": {
      "version": "0.7.5"
    },
    "@emotion/react": {
      "version": "11.7.1",
      "requires": {
        "@babel/runtime": "^7.13.10",
        "@emotion/cache": "^11.7.1",
        "@emotion/serialize": "^1.0.2",
        "@emotion/sheet": "^1.1.0",
        "@emotion/utils": "^1.0.0",
        "@emotion/weak-memoize": "^0.2.5",
        "hoist-non-react-statics": "^3.3.1"
      }
    },
    "@emotion/serialize": {
      "version": "1.0.2",
      "requires": {
        "@emotion/hash": "^0.8.0",
        "@emotion/memoize": "^0.7.4",
        "@emotion/unitless": "^0.7.5",
        "@emotion/utils": "^1.0.0",
        "csstype": "^3.0.2"
      }
    },
    "@emotion/sheet": {
      "version": "1.1.0"
    },
    "@emotion/unitless": {
      "version": "0.7.5"
    },
    "@emotion/utils": {
      "version": "1.0.0"
    },
    "@emotion/weak-memoize": {
      "version": "0.2.5"
    },
    "@inception-project/inception-diam": {
      "version": "file:../../../../inception-diam/src/main/ts",
      "requires": {
        "@stomp/stompjs": "^6.1.0",
        "@types/stompjs": "^2.3.4",
        "esbuild": "^0.13.12",
        "fast-json-patch": "^3.1.0",
        "typescript": "^4.4.2"
      },
      "dependencies": {
        "@stomp/stompjs": {
          "version": "6.1.2",
          "dev": true
        },
        "@types/node": {
          "version": "16.11.7",
          "dev": true
        },
        "@types/stompjs": {
          "version": "2.3.5",
          "dev": true,
          "requires": {
            "@types/node": "*"
          }
        },
        "esbuild": {
          "version": "0.13.13",
          "dev": true,
          "requires": {
            "esbuild-android-arm64": "0.13.13",
            "esbuild-darwin-64": "0.13.13",
            "esbuild-darwin-arm64": "0.13.13",
            "esbuild-freebsd-64": "0.13.13",
            "esbuild-freebsd-arm64": "0.13.13",
            "esbuild-linux-32": "0.13.13",
            "esbuild-linux-64": "0.13.13",
            "esbuild-linux-arm": "0.13.13",
            "esbuild-linux-arm64": "0.13.13",
            "esbuild-linux-mips64le": "0.13.13",
            "esbuild-linux-ppc64le": "0.13.13",
            "esbuild-netbsd-64": "0.13.13",
            "esbuild-openbsd-64": "0.13.13",
            "esbuild-sunos-64": "0.13.13",
            "esbuild-windows-32": "0.13.13",
            "esbuild-windows-64": "0.13.13",
            "esbuild-windows-arm64": "0.13.13"
          }
        },
        "esbuild-darwin-64": {
          "version": "0.13.13",
          "dev": true,
          "optional": true
        },
        "fast-json-patch": {
          "version": "3.1.0",
          "dev": true
        },
        "typescript": {
          "version": "4.4.4",
          "dev": true
        }
      }
    },
    "@recogito/recogito-client-core": {
      "version": "1.6.0",
      "requires": {
        "core-js": "^3.18.3",
        "fast-deep-equal": "^3.1.3",
        "node-polyglot": "^2.4.0",
        "react-autosize-textarea": "^7.1.0",
        "react-draggable": "^4.4.3",
        "react-select": "^4.3.1",
        "react-transition-group": "^4.4.2",
        "regenerator-runtime": "^0.13.9",
        "timeago-react": "^3.0.2",
        "uuid": "^8.3.2"
      }
    },
    "@recogito/recogito-js": {
      "version": "1.6.1",
      "requires": {
        "@recogito/recogito-client-core": "1.6.0",
        "preact": "^10.5.13",
        "tiny-emitter": "^2.1.0"
      }
    },
    "array.prototype.foreach": {
      "version": "1.0.2",
      "requires": {
        "call-bind": "^1.0.2",
        "define-properties": "^1.1.3",
        "es-abstract": "^1.19.0",
        "es-array-method-boxes-properly": "^1.0.0",
        "get-intrinsic": "^1.1.1",
        "is-string": "^1.0.7"
      }
    },
    "autosize": {
      "version": "4.0.4"
    },
    "call-bind": {
      "version": "1.0.2",
      "requires": {
        "function-bind": "^1.1.1",
        "get-intrinsic": "^1.0.2"
      }
    },
    "clsx": {
      "version": "1.1.1"
    },
    "computed-style": {
      "version": "0.1.4"
    },
    "core-js": {
      "version": "3.20.2"
    },
    "csstype": {
      "version": "3.0.10"
    },
    "define-properties": {
      "version": "1.1.3",
      "requires": {
        "object-keys": "^1.0.12"
      }
    },
    "dom-helpers": {
      "version": "5.2.1",
      "requires": {
        "@babel/runtime": "^7.8.7",
        "csstype": "^3.0.2"
      }
    },
    "es-abstract": {
      "version": "1.19.1",
      "requires": {
        "call-bind": "^1.0.2",
        "es-to-primitive": "^1.2.1",
        "function-bind": "^1.1.1",
        "get-intrinsic": "^1.1.1",
        "get-symbol-description": "^1.0.0",
        "has": "^1.0.3",
        "has-symbols": "^1.0.2",
        "internal-slot": "^1.0.3",
        "is-callable": "^1.2.4",
        "is-negative-zero": "^2.0.1",
        "is-regex": "^1.1.4",
        "is-shared-array-buffer": "^1.0.1",
        "is-string": "^1.0.7",
        "is-weakref": "^1.0.1",
        "object-inspect": "^1.11.0",
        "object-keys": "^1.1.1",
        "object.assign": "^4.1.2",
        "string.prototype.trimend": "^1.0.4",
        "string.prototype.trimstart": "^1.0.4",
        "unbox-primitive": "^1.0.1"
      }
    },
    "es-array-method-boxes-properly": {
      "version": "1.0.0"
    },
    "es-to-primitive": {
      "version": "1.2.1",
      "requires": {
        "is-callable": "^1.1.4",
        "is-date-object": "^1.0.1",
        "is-symbol": "^1.0.2"
      }
    },
    "esbuild": {
      "version": "0.13.15",
      "dev": true,
      "requires": {
        "esbuild-android-arm64": "0.13.15",
        "esbuild-darwin-64": "0.13.15",
        "esbuild-darwin-arm64": "0.13.15",
        "esbuild-freebsd-64": "0.13.15",
        "esbuild-freebsd-arm64": "0.13.15",
        "esbuild-linux-32": "0.13.15",
        "esbuild-linux-64": "0.13.15",
        "esbuild-linux-arm": "0.13.15",
        "esbuild-linux-arm64": "0.13.15",
        "esbuild-linux-mips64le": "0.13.15",
        "esbuild-linux-ppc64le": "0.13.15",
        "esbuild-netbsd-64": "0.13.15",
        "esbuild-openbsd-64": "0.13.15",
        "esbuild-sunos-64": "0.13.15",
        "esbuild-windows-32": "0.13.15",
        "esbuild-windows-64": "0.13.15",
        "esbuild-windows-arm64": "0.13.15"
      }
    },
    "esbuild-darwin-64": {
      "version": "0.13.15",
      "dev": true,
      "optional": true
    },
    "fast-deep-equal": {
      "version": "3.1.3"
    },
    "function-bind": {
      "version": "1.1.1"
    },
    "get-intrinsic": {
      "version": "1.1.1",
      "requires": {
        "function-bind": "^1.1.1",
        "has": "^1.0.3",
        "has-symbols": "^1.0.1"
      }
    },
    "get-symbol-description": {
      "version": "1.0.0",
      "requires": {
        "call-bind": "^1.0.2",
        "get-intrinsic": "^1.1.1"
      }
    },
    "has": {
      "version": "1.0.3",
      "requires": {
        "function-bind": "^1.1.1"
      }
    },
    "has-bigints": {
      "version": "1.0.1"
    },
    "has-symbols": {
      "version": "1.0.2"
    },
    "has-tostringtag": {
      "version": "1.0.0",
      "requires": {
        "has-symbols": "^1.0.2"
      }
    },
    "hoist-non-react-statics": {
      "version": "3.3.2",
      "requires": {
        "react-is": "^16.7.0"
      }
    },
    "internal-slot": {
      "version": "1.0.3",
      "requires": {
        "get-intrinsic": "^1.1.0",
        "has": "^1.0.3",
        "side-channel": "^1.0.4"
      }
    },
    "is-bigint": {
      "version": "1.0.4",
      "requires": {
        "has-bigints": "^1.0.1"
      }
    },
    "is-boolean-object": {
      "version": "1.1.2",
      "requires": {
        "call-bind": "^1.0.2",
        "has-tostringtag": "^1.0.0"
      }
    },
    "is-callable": {
      "version": "1.2.4"
    },
    "is-date-object": {
      "version": "1.0.5",
      "requires": {
        "has-tostringtag": "^1.0.0"
      }
    },
    "is-negative-zero": {
      "version": "2.0.2"
    },
    "is-number-object": {
      "version": "1.0.6",
      "requires": {
        "has-tostringtag": "^1.0.0"
      }
    },
    "is-regex": {
      "version": "1.1.4",
      "requires": {
        "call-bind": "^1.0.2",
        "has-tostringtag": "^1.0.0"
      }
    },
    "is-shared-array-buffer": {
      "version": "1.0.1"
    },
    "is-string": {
      "version": "1.0.7",
      "requires": {
        "has-tostringtag": "^1.0.0"
      }
    },
    "is-symbol": {
      "version": "1.0.4",
      "requires": {
        "has-symbols": "^1.0.2"
      }
    },
    "is-weakref": {
      "version": "1.0.2",
      "requires": {
        "call-bind": "^1.0.2"
      }
    },
    "js-tokens": {
      "version": "4.0.0"
    },
    "line-height": {
      "version": "0.3.1",
      "requires": {
        "computed-style": "~0.1.3"
      }
    },
    "loose-envify": {
      "version": "1.4.0",
      "requires": {
        "js-tokens": "^3.0.0 || ^4.0.0"
      }
    },
    "memoize-one": {
      "version": "5.2.1"
    },
    "node-polyglot": {
      "version": "2.4.2",
      "requires": {
        "array.prototype.foreach": "^1.0.0",
        "has": "^1.0.3",
        "object.entries": "^1.1.4",
        "string.prototype.trim": "^1.2.4",
        "warning": "^4.0.3"
      }
    },
    "object-assign": {
      "version": "4.1.1"
    },
    "object-inspect": {
      "version": "1.12.0"
    },
    "object-keys": {
      "version": "1.1.1"
    },
    "object.assign": {
      "version": "4.1.2",
      "requires": {
        "call-bind": "^1.0.0",
        "define-properties": "^1.1.3",
        "has-symbols": "^1.0.1",
        "object-keys": "^1.1.1"
      }
    },
    "object.entries": {
      "version": "1.1.5",
      "requires": {
        "call-bind": "^1.0.2",
        "define-properties": "^1.1.3",
        "es-abstract": "^1.19.1"
      }
    },
    "preact": {
      "version": "10.6.4"
    },
    "prop-types": {
      "version": "15.8.0",
      "requires": {
        "loose-envify": "^1.4.0",
        "object-assign": "^4.1.1",
        "react-is": "^16.13.1"
      }
    },
    "react": {
      "version": "16.14.0",
      "peer": true,
      "requires": {
        "loose-envify": "^1.1.0",
        "object-assign": "^4.1.1",
        "prop-types": "^15.6.2"
      }
    },
    "react-autosize-textarea": {
      "version": "7.1.0",
      "requires": {
        "autosize": "^4.0.2",
        "line-height": "^0.3.1",
        "prop-types": "^15.5.6"
      }
    },
    "react-dom": {
      "version": "16.14.0",
      "peer": true,
      "requires": {
        "loose-envify": "^1.1.0",
        "object-assign": "^4.1.1",
        "prop-types": "^15.6.2",
        "scheduler": "^0.19.1"
      }
    },
    "react-draggable": {
      "version": "4.4.4",
      "requires": {
        "clsx": "^1.1.1",
        "prop-types": "^15.6.0"
      }
    },
    "react-input-autosize": {
      "version": "3.0.0",
      "requires": {
        "prop-types": "^15.5.8"
      }
    },
    "react-is": {
      "version": "16.13.1"
    },
    "react-select": {
      "version": "4.3.1",
      "requires": {
        "@babel/runtime": "^7.12.0",
        "@emotion/cache": "^11.4.0",
        "@emotion/react": "^11.1.1",
        "memoize-one": "^5.0.0",
        "prop-types": "^15.6.0",
        "react-input-autosize": "^3.0.0",
        "react-transition-group": "^4.3.0"
      }
    },
    "react-transition-group": {
      "version": "4.4.2",
      "requires": {
        "@babel/runtime": "^7.5.5",
        "dom-helpers": "^5.0.1",
        "loose-envify": "^1.4.0",
        "prop-types": "^15.6.2"
      }
    },
    "regenerator-runtime": {
      "version": "0.13.9"
    },
    "scheduler": {
      "version": "0.19.1",
      "peer": true,
      "requires": {
        "loose-envify": "^1.1.0",
        "object-assign": "^4.1.1"
      }
    },
    "side-channel": {
      "version": "1.0.4",
      "requires": {
        "call-bind": "^1.0.0",
        "get-intrinsic": "^1.0.2",
        "object-inspect": "^1.9.0"
      }
    },
    "string.prototype.trim": {
      "version": "1.2.5",
      "requires": {
        "call-bind": "^1.0.2",
        "define-properties": "^1.1.3",
        "es-abstract": "^1.19.1"
      }
    },
    "string.prototype.trimend": {
      "version": "1.0.4",
      "requires": {
        "call-bind": "^1.0.2",
        "define-properties": "^1.1.3"
      }
    },
    "string.prototype.trimstart": {
      "version": "1.0.4",
      "requires": {
        "call-bind": "^1.0.2",
        "define-properties": "^1.1.3"
      }
    },
    "stylis": {
      "version": "4.0.13"
    },
    "timeago-react": {
      "version": "3.0.4",
      "requires": {
        "timeago.js": "^4.0.0"
      }
    },
    "timeago.js": {
      "version": "4.0.2"
    },
    "tiny-emitter": {
      "version": "2.1.0"
    },
    "typescript": {
      "version": "4.5.4",
      "dev": true
    },
    "unbox-primitive": {
      "version": "1.0.1",
      "requires": {
        "function-bind": "^1.1.1",
        "has-bigints": "^1.0.1",
        "has-symbols": "^1.0.2",
        "which-boxed-primitive": "^1.0.2"
      }
    },
    "uuid": {
      "version": "8.3.2"
    },
    "warning": {
      "version": "4.0.3",
      "requires": {
        "loose-envify": "^1.0.0"
      }
    },
    "which-boxed-primitive": {
      "version": "1.0.2",
      "requires": {
        "is-bigint": "^1.0.1",
        "is-boolean-object": "^1.1.0",
        "is-number-object": "^1.0.4",
        "is-string": "^1.0.5",
        "is-symbol": "^1.0.3"
      }
    }
  }
}
