{
  "name": "@inception-project/${project.artifactId}",
  "version": "${semver}",
  "lockfileVersion": 2,
  "requires": true,
  "packages": {
    "": {
      "name": "@inception-project/${project.artifactId}",
      "version": "${semver}",
      "dependencies": {
        "@inception-project/inception-js-api": "${semver}",
        "@stomp/stompjs": "^6.1.0",
        "@types/stompjs": "^2.3.4",
        "fast-json-patch": "^3.1.0"
      },
      "devDependencies": {
        "esbuild": "^0.13.12",
        "typescript": "^4.4.2"
      }
    },
    "../../../../inception-js-api/src/main/ts": {
      "name": "@inception-project/inception-js-api",
      "version": "${semver}",
      "license": "Apache-2.0",
      "devDependencies": {
        "esbuild": "^0.13.12",
        "typescript": "^4.4.2"
      }
    },
    "../../../../inception-js-api/src/main/ts/node_modules/esbuild": {
      "version": "0.13.15",
      "dev": true,
      "hasInstallScript": true,
      "license": "MIT",
      "bin": {
        "esbuild": "bin/esbuild"
      },
      "optionalDependencies": {
        "esbuild-android-arm64": "0.13.15",
        "esbuild-darwin-64": "0.13.15",
        "esbuild-darwin-arm64": "0.13.15",
        "esbuild-freebsd-64": "0.13.15",
        "esbuild-freebsd-arm64": "0.13.15",
        "esbuild-linux-32": "0.13.15",
        "esbuild-linux-64": "0.13.15",
        "esbuild-linux-arm": "0.13.15",
        "esbuild-linux-arm64": "0.13.15",
        "esbuild-linux-mips64le": "0.13.15",
        "esbuild-linux-ppc64le": "0.13.15",
        "esbuild-netbsd-64": "0.13.15",
        "esbuild-openbsd-64": "0.13.15",
        "esbuild-sunos-64": "0.13.15",
        "esbuild-windows-32": "0.13.15",
        "esbuild-windows-64": "0.13.15",
        "esbuild-windows-arm64": "0.13.15"
      }
    },
    "../../../../inception-js-api/src/main/ts/node_modules/esbuild-darwin-64": {
      "version": "0.13.15",
      "cpu": [
        "x64"
      ],
      "dev": true,
      "license": "MIT",
      "optional": true,
      "os": [
        "darwin"
      ]
    },
    "../../../../inception-js-api/src/main/ts/node_modules/typescript": {
      "version": "4.5.4",
      "dev": true,
      "license": "Apache-2.0",
      "bin": {
        "tsc": "bin/tsc",
        "tsserver": "bin/tsserver"
      },
      "engines": {
        "node": ">=4.2.0"
      }
    },
    "node_modules/@inception-project/inception-js-api": {
      "resolved": "../../../../inception-js-api/src/main/ts",
      "link": true
    },
    "node_modules/@stomp/stompjs": {
      "version": "6.1.2",
      "license": "Apache-2.0"
    },
    "node_modules/@types/node": {
      "version": "16.11.7",
      "license": "MIT"
    },
    "node_modules/@types/stompjs": {
      "version": "2.3.5",
      "license": "MIT",
      "dependencies": {
        "@types/node": "*"
      }
    },
    "node_modules/esbuild": {
      "version": "0.13.13",
      "dev": true,
      "hasInstallScript": true,
      "license": "MIT",
      "bin": {
        "esbuild": "bin/esbuild"
      },
      "optionalDependencies": {
        "esbuild-android-arm64": "0.13.13",
        "esbuild-darwin-64": "0.13.13",
        "esbuild-darwin-arm64": "0.13.13",
        "esbuild-freebsd-64": "0.13.13",
        "esbuild-freebsd-arm64": "0.13.13",
        "esbuild-linux-32": "0.13.13",
        "esbuild-linux-64": "0.13.13",
        "esbuild-linux-arm": "0.13.13",
        "esbuild-linux-arm64": "0.13.13",
        "esbuild-linux-mips64le": "0.13.13",
        "esbuild-linux-ppc64le": "0.13.13",
        "esbuild-netbsd-64": "0.13.13",
        "esbuild-openbsd-64": "0.13.13",
        "esbuild-sunos-64": "0.13.13",
        "esbuild-windows-32": "0.13.13",
        "esbuild-windows-64": "0.13.13",
        "esbuild-windows-arm64": "0.13.13"
      }
    },
    "node_modules/esbuild-darwin-64": {
      "version": "0.13.13",
      "cpu": [
        "x64"
      ],
      "dev": true,
      "license": "MIT",
      "optional": true,
      "os": [
        "darwin"
      ]
    },
    "node_modules/fast-json-patch": {
      "version": "3.1.0",
      "license": "MIT"
    },
    "node_modules/typescript": {
      "version": "4.4.4",
      "dev": true,
      "license": "Apache-2.0",
      "bin": {
        "tsc": "bin/tsc",
        "tsserver": "bin/tsserver"
      },
      "engines": {
        "node": ">=4.2.0"
      }
    }
  },
  "dependencies": {
    "@inception-project/inception-js-api": {
      "version": "file:../../../../inception-js-api/src/main/ts",
      "requires": {
        "esbuild": "^0.13.12",
        "typescript": "^4.4.2"
      },
      "dependencies": {
        "esbuild": {
          "version": "0.13.15",
          "dev": true,
          "requires": {
            "esbuild-android-arm64": "0.13.15",
            "esbuild-darwin-64": "0.13.15",
            "esbuild-darwin-arm64": "0.13.15",
            "esbuild-freebsd-64": "0.13.15",
            "esbuild-freebsd-arm64": "0.13.15",
            "esbuild-linux-32": "0.13.15",
            "esbuild-linux-64": "0.13.15",
            "esbuild-linux-arm": "0.13.15",
            "esbuild-linux-arm64": "0.13.15",
            "esbuild-linux-mips64le": "0.13.15",
            "esbuild-linux-ppc64le": "0.13.15",
            "esbuild-netbsd-64": "0.13.15",
            "esbuild-openbsd-64": "0.13.15",
            "esbuild-sunos-64": "0.13.15",
            "esbuild-windows-32": "0.13.15",
            "esbuild-windows-64": "0.13.15",
            "esbuild-windows-arm64": "0.13.15"
          }
        },
        "esbuild-darwin-64": {
          "version": "0.13.15",
          "dev": true,
          "optional": true
        },
        "typescript": {
          "version": "4.5.4",
          "dev": true
        }
      }
    },
    "@stomp/stompjs": {
      "version": "6.1.2"
    },
    "@types/node": {
      "version": "16.11.7"
    },
    "@types/stompjs": {
      "version": "2.3.5",
      "requires": {
        "@types/node": "*"
      }
    },
    "esbuild": {
      "version": "0.13.13",
      "dev": true,
      "requires": {
        "esbuild-android-arm64": "0.13.13",
        "esbuild-darwin-64": "0.13.13",
        "esbuild-darwin-arm64": "0.13.13",
        "esbuild-freebsd-64": "0.13.13",
        "esbuild-freebsd-arm64": "0.13.13",
        "esbuild-linux-32": "0.13.13",
        "esbuild-linux-64": "0.13.13",
        "esbuild-linux-arm": "0.13.13",
        "esbuild-linux-arm64": "0.13.13",
        "esbuild-linux-mips64le": "0.13.13",
        "esbuild-linux-ppc64le": "0.13.13",
        "esbuild-netbsd-64": "0.13.13",
        "esbuild-openbsd-64": "0.13.13",
        "esbuild-sunos-64": "0.13.13",
        "esbuild-windows-32": "0.13.13",
        "esbuild-windows-64": "0.13.13",
        "esbuild-windows-arm64": "0.13.13"
      }
    },
    "esbuild-darwin-64": {
      "version": "0.13.13",
      "dev": true,
      "optional": true
    },
    "fast-json-patch": {
      "version": "3.1.0"
    },
    "typescript": {
      "version": "4.4.4",
      "dev": true
    }
  }
}
